
Microsoft Visual Studio Solution File, Format Version 12.00
# Visual Studio Version 17
VisualStudioVersion = 17.5.33502.453
MinimumVisualStudioVersion = 10.0.40219.1
Project("{FAE04EC0-301F-11D3-BF4B-00C04F79EFBC}") = "AdventOfCode.Console", "AdventOfCode.Console\AdventOfCode.Console.csproj", "{CCF7C299-1109-4FF5-861C-1A4F2B27144E}"
EndProject
Global
	GlobalSection(SolutionConfigurationPlatforms) = preSolution
		Debug|Any CPU = Debug|Any CPU
		Release|Any CPU = Release|Any CPU
	EndGlobalSection
	GlobalSection(ProjectConfigurationPlatforms) = postSolution
		{CCF7C299-1109-4FF5-861C-1A4F2B27144E}.Debug|Any CPU.ActiveCfg = Debug|Any CPU
		{CCF7C299-1109-4FF5-861C-1A4F2B27144E}.Debug|Any CPU.Build.0 = Debug|Any CPU
		{CCF7C299-1109-4FF5-861C-1A4F2B27144E}.Release|Any CPU.ActiveCfg = Release|Any CPU
		{CCF7C299-1109-4FF5-861C-1A4F2B27144E}.Release|Any CPU.Build.0 = Release|Any CPU
	EndGlobalSection
	GlobalSection(SolutionProperties) = preSolution
		HideSolutionNode = FALSE
	EndGlobalSection
	GlobalSection(ExtensibilityGlobals) = postSolution
		SolutionGuid = {1602A55F-7398-40EC-A591-37B742DC3C8A}
	EndGlobalSection
EndGlobal
